
Microsoft Visual Studio Solution File, Format Version 12.00
Project("{FAE04EC0-301F-11D3-BF4B-00C04F79EFBC}") = "WaybarModuleTemplate", "WaybarModuleTemplate\WaybarModuleTemplate.csproj", "{4EE7D558-3EEA-44F3-B936-E2879DFD313C}"
EndProject
Global
	GlobalSection(SolutionConfigurationPlatforms) = preSolution
		Debug|Any CPU = Debug|Any CPU
		Release|Any CPU = Release|Any CPU
	EndGlobalSection
	GlobalSection(ProjectConfigurationPlatforms) = postSolution
		{4EE7D558-3EEA-44F3-B936-E2879DFD313C}.Debug|Any CPU.ActiveCfg = Debug|Any CPU
		{4EE7D558-3EEA-44F3-B936-E2879DFD313C}.Debug|Any CPU.Build.0 = Debug|Any CPU
		{4EE7D558-3EEA-44F3-B936-E2879DFD313C}.Release|Any CPU.ActiveCfg = Release|Any CPU
		{4EE7D558-3EEA-44F3-B936-E2879DFD313C}.Release|Any CPU.Build.0 = Release|Any CPU
	EndGlobalSection
EndGlobal
